
Microsoft Visual Studio Solution File, Format Version 12.00
# Visual Studio 2015
Project("{FAE04EC0-301F-11D3-BF4B-00C04F79EFBC}") = "Game_for_MIDPS.CSharp", "Game_for_MIDPS.CSharp.csproj", "{4121B4CB-5AAF-5654-E032-80EDC07A2716}"
EndProject
Global
	GlobalSection(SolutionConfigurationPlatforms) = preSolution
		Debug|Any CPU = Debug|Any CPU
		Release|Any CPU = Release|Any CPU
	EndGlobalSection
	GlobalSection(ProjectConfigurationPlatforms) = postSolution
		{4121B4CB-5AAF-5654-E032-80EDC07A2716}.Debug|Any CPU.ActiveCfg = Debug|Any CPU
		{4121B4CB-5AAF-5654-E032-80EDC07A2716}.Debug|Any CPU.Build.0 = Debug|Any CPU
		{4121B4CB-5AAF-5654-E032-80EDC07A2716}.Release|Any CPU.ActiveCfg = Release|Any CPU
		{4121B4CB-5AAF-5654-E032-80EDC07A2716}.Release|Any CPU.Build.0 = Release|Any CPU
	EndGlobalSection
	GlobalSection(SolutionProperties) = preSolution
		HideSolutionNode = FALSE
	EndGlobalSection
EndGlobal
